{
  "name": "test",
  "version": "1.0.0",
  "lockfileVersion": 1,
  "requires": true,
  "dependencies": {
    "zahak-frame-print": {
      "version": "1.0.0",
      "resolved": "https://registry.npmjs.org/zahak-frame-print/-/zahak-frame-print-1.0.0.tgz",
      "integrity": "sha512-Jhg890NrXLLpaA+3YC2jSzS0HcvPOe4Iy2D30UTjirVVz95uJIKJJ4r826EabW++JL0DdUapTTClHrc5H7brrQ=="
    }
  }
}
